{
  "nodes": {
    "home-manager": {
      "inputs": {
        "nixpkgs": [
          "nixpkgs"
        ]
      },
      "locked": {
        "lastModified": 1725703823,
        "narHash": "sha256-tDgM4d8mLK0Hd6YMB2w1BqMto1XBXADOzPEaLl10VI4=",
        "owner": "nix-community",
        "repo": "home-manager",
        "rev": "208df2e558b73b6a1f0faec98493cb59a25f62ba",
        "type": "github"
      },
      "original": {
        "owner": "nix-community",
        "ref": "release-24.05",
        "repo": "home-manager",
        "type": "github"
      }
    },
    "nixpkgs": {
      "locked": {
        "lastModified": 1726320982,
        "narHash": "sha256-RuVXUwcYwaUeks6h3OLrEmg14z9aFXdWppTWPMTwdQw=",
        "owner": "nixos",
        "repo": "nixpkgs",
        "rev": "8f7492cce28977fbf8bd12c72af08b1f6c7c3e49",
        "type": "github"
      },
      "original": {
        "owner": "nixos",
        "ref": "nixos-24.05",
        "repo": "nixpkgs",
        "type": "github"
      }
    },
    "nixpkgs_2": {
      "locked": {
        "lastModified": 1725634671,
        "narHash": "sha256-v3rIhsJBOMLR8e/RNWxr828tB+WywYIoajrZKFM+0Gg=",
        "owner": "nixos",
        "repo": "nixpkgs",
        "rev": "574d1eac1c200690e27b8eb4e24887f8df7ac27c",
        "type": "github"
      },
      "original": {
        "owner": "nixos",
        "ref": "nixos-unstable",
        "repo": "nixpkgs",
        "type": "github"
      }
    },
    "nvchad-starter": {
      "flake": false,
      "locked": {
        "lastModified": 1726117897,
        "narHash": "sha256-Av0yO+tFzlQiZSIzSw5Zj9C/BDXuHpvJ6D0b1Gu2gzw=",
        "owner": "NvChad",
        "repo": "starter",
        "rev": "59f23d053a047a0c6c555fea2fc4b7b26201e64f",
        "type": "github"
      },
      "original": {
        "owner": "NvChad",
        "ref": "main",
        "repo": "starter",
        "type": "github"
      }
    },
    "nvchad4nix": {
      "inputs": {
        "nixpkgs": [
          "nixpkgs"
        ],
        "nvchad-starter": "nvchad-starter"
      },
      "locked": {
        "lastModified": 1726558542,
        "narHash": "sha256-tuEOob30Ldks1UHNQRcBx8JsLrDh5rf5E+GztpI+krg=",
        "owner": "nix-community",
        "repo": "nix4nvchad",
        "rev": "5f208216ba8647f82aa40a5507f965a9903bc744",
        "type": "github"
      },
      "original": {
        "owner": "nix-community",
        "repo": "nix4nvchad",
        "type": "github"
      }
    },
    "plasma-manager": {
      "inputs": {
        "home-manager": [
          "home-manager"
        ],
        "nixpkgs": [
          "nixpkgs"
        ]
      },
      "locked": {
        "lastModified": 1726509788,
        "narHash": "sha256-PmCmO8NDKzwHrTp9Ox/rcLiCYivqIpZlnLk8wZRjv2I=",
        "owner": "nix-community",
        "repo": "plasma-manager",
        "rev": "5a0c70a007837e2db01e0bb68971792e8653d32c",
        "type": "github"
      },
      "original": {
        "owner": "nix-community",
        "repo": "plasma-manager",
        "type": "github"
      }
    },
    "root": {
      "inputs": {
        "home-manager": "home-manager",
        "nixpkgs": "nixpkgs",
        "nvchad4nix": "nvchad4nix",
        "plasma-manager": "plasma-manager",
        "zen-browser": "zen-browser"
      }
    },
    "zen-browser": {
      "inputs": {
        "nixpkgs": "nixpkgs_2"
      },
      "locked": {
        "lastModified": 1726001766,
        "narHash": "sha256-ADvEWfo0AuHR06ah1nnzOyhsG05/b5QpUc7vFNbiEfM=",
        "owner": "MarceColl",
        "repo": "zen-browser-flake",
        "rev": "06505a088396e2c0b9ad100302502783a6bcdb40",
        "type": "github"
      },
      "original": {
        "owner": "MarceColl",
        "repo": "zen-browser-flake",
        "type": "github"
      }
    }
  },
  "root": "root",
  "version": 7
}
